
Microsoft Visual Studio Solution File, Format Version 12.00
# Visual Studio Version 17
VisualStudioVersion = 17.7.34018.315
MinimumVisualStudioVersion = 10.0.40219.1
Project("{9A19103F-16F7-4668-BE54-9A1E7A4F7556}") = "BlazorDungeonCrawler.Server", "BlazorDungeonCrawler.Server\BlazorDungeonCrawler.Server.csproj", "{D5A36CD7-3DDB-49EB-9275-0C726D594164}"
EndProject
Project("{9A19103F-16F7-4668-BE54-9A1E7A4F7556}") = "BlazorDungeonCrawler.Shared", "BlazorDungeonCrawler.Shared\BlazorDungeonCrawler.Shared.csproj", "{73C0F862-D68E-4B0D-8687-3291072AC63B}"
EndProject
Project("{9A19103F-16F7-4668-BE54-9A1E7A4F7556}") = "BlazorDungeonCrawler.Client", "BlazorDungeonCrawler.Client\BlazorDungeonCrawler.Client.csproj", "{BC9D8875-D69A-4CB3-8637-F6301B82C22E}"
EndProject
Project("{9A19103F-16F7-4668-BE54-9A1E7A4F7556}") = "BlazorDungeonCrawler.Client.Old", "BlazorDungeonCrawler.Client.Old\BlazorDungeonCrawler.Client.Old.csproj", "{40FA257F-56E1-4191-8239-D6D3521128D7}"
EndProject
Project("{FAE04EC0-301F-11D3-BF4B-00C04F79EFBC}") = "BlazorDungeonCrawler.Database", "BlazorDungeonCrawler.Database\BlazorDungeonCrawler.Database.csproj", "{F8FA8AF1-4BF3-4E63-901E-33AE4462B948}"
EndProject
Global
	GlobalSection(SolutionConfigurationPlatforms) = preSolution
		Debug|Any CPU = Debug|Any CPU
		Release|Any CPU = Release|Any CPU
	EndGlobalSection
	GlobalSection(ProjectConfigurationPlatforms) = postSolution
		{D5A36CD7-3DDB-49EB-9275-0C726D594164}.Debug|Any CPU.ActiveCfg = Debug|Any CPU
		{D5A36CD7-3DDB-49EB-9275-0C726D594164}.Debug|Any CPU.Build.0 = Debug|Any CPU
		{D5A36CD7-3DDB-49EB-9275-0C726D594164}.Release|Any CPU.ActiveCfg = Release|Any CPU
		{D5A36CD7-3DDB-49EB-9275-0C726D594164}.Release|Any CPU.Build.0 = Release|Any CPU
		{73C0F862-D68E-4B0D-8687-3291072AC63B}.Debug|Any CPU.ActiveCfg = Debug|Any CPU
		{73C0F862-D68E-4B0D-8687-3291072AC63B}.Debug|Any CPU.Build.0 = Debug|Any CPU
		{73C0F862-D68E-4B0D-8687-3291072AC63B}.Release|Any CPU.ActiveCfg = Release|Any CPU
		{73C0F862-D68E-4B0D-8687-3291072AC63B}.Release|Any CPU.Build.0 = Release|Any CPU
		{BC9D8875-D69A-4CB3-8637-F6301B82C22E}.Debug|Any CPU.ActiveCfg = Debug|Any CPU
		{BC9D8875-D69A-4CB3-8637-F6301B82C22E}.Debug|Any CPU.Build.0 = Debug|Any CPU
		{BC9D8875-D69A-4CB3-8637-F6301B82C22E}.Release|Any CPU.ActiveCfg = Release|Any CPU
		{BC9D8875-D69A-4CB3-8637-F6301B82C22E}.Release|Any CPU.Build.0 = Release|Any CPU
		{40FA257F-56E1-4191-8239-D6D3521128D7}.Debug|Any CPU.ActiveCfg = Debug|Any CPU
		{40FA257F-56E1-4191-8239-D6D3521128D7}.Debug|Any CPU.Build.0 = Debug|Any CPU
		{40FA257F-56E1-4191-8239-D6D3521128D7}.Release|Any CPU.ActiveCfg = Release|Any CPU
		{40FA257F-56E1-4191-8239-D6D3521128D7}.Release|Any CPU.Build.0 = Release|Any CPU
		{F8FA8AF1-4BF3-4E63-901E-33AE4462B948}.Debug|Any CPU.ActiveCfg = Debug|Any CPU
		{F8FA8AF1-4BF3-4E63-901E-33AE4462B948}.Debug|Any CPU.Build.0 = Debug|Any CPU
		{F8FA8AF1-4BF3-4E63-901E-33AE4462B948}.Release|Any CPU.ActiveCfg = Release|Any CPU
		{F8FA8AF1-4BF3-4E63-901E-33AE4462B948}.Release|Any CPU.Build.0 = Release|Any CPU
	EndGlobalSection
	GlobalSection(SolutionProperties) = preSolution
		HideSolutionNode = FALSE
	EndGlobalSection
	GlobalSection(ExtensibilityGlobals) = postSolution
		SolutionGuid = {12C06BC7-2AD6-4BD8-B86C-325F515285C1}
	EndGlobalSection
EndGlobal
